
Microsoft Visual Studio Solution File, Format Version 12.00
# Visual Studio 14
VisualStudioVersion = 14.0.25420.1
MinimumVisualStudioVersion = 10.0.40219.1
Project("{FAE04EC0-301F-11D3-BF4B-00C04F79EFBC}") = "MoreDomain.UI.Portal", "MoreDomain.UI.Portal\MoreDomain.UI.Portal.csproj", "{03578888-2471-48C1-B1CD-7DF85689AE99}"
EndProject
Project("{2150E333-8FDC-42A3-9474-1A3956D46DE8}") = "Modules", "Modules", "{05259585-8426-4BD9-86B4-4D6BFE9469D3}"
EndProject
Project("{FAE04EC0-301F-11D3-BF4B-00C04F79EFBC}") = "MoreDomain.Core", "MoreDomain.UI.Portal\Modules\MoreDomain.Core\MoreDomain.Core.csproj", "{98FABA28-B4CF-48F5-9EA3-4998A269F6DB}"
EndProject
Global
	GlobalSection(SolutionConfigurationPlatforms) = preSolution
		Debug|Any CPU = Debug|Any CPU
		Release|Any CPU = Release|Any CPU
	EndGlobalSection
	GlobalSection(ProjectConfigurationPlatforms) = postSolution
		{03578888-2471-48C1-B1CD-7DF85689AE99}.Debug|Any CPU.ActiveCfg = Debug|Any CPU
		{03578888-2471-48C1-B1CD-7DF85689AE99}.Debug|Any CPU.Build.0 = Debug|Any CPU
		{03578888-2471-48C1-B1CD-7DF85689AE99}.Release|Any CPU.ActiveCfg = Release|Any CPU
		{03578888-2471-48C1-B1CD-7DF85689AE99}.Release|Any CPU.Build.0 = Release|Any CPU
		{98FABA28-B4CF-48F5-9EA3-4998A269F6DB}.Debug|Any CPU.ActiveCfg = Debug|Any CPU
		{98FABA28-B4CF-48F5-9EA3-4998A269F6DB}.Debug|Any CPU.Build.0 = Debug|Any CPU
		{98FABA28-B4CF-48F5-9EA3-4998A269F6DB}.Release|Any CPU.ActiveCfg = Release|Any CPU
		{98FABA28-B4CF-48F5-9EA3-4998A269F6DB}.Release|Any CPU.Build.0 = Release|Any CPU
	EndGlobalSection
	GlobalSection(SolutionProperties) = preSolution
		HideSolutionNode = FALSE
	EndGlobalSection
	GlobalSection(NestedProjects) = preSolution
		{98FABA28-B4CF-48F5-9EA3-4998A269F6DB} = {05259585-8426-4BD9-86B4-4D6BFE9469D3}
	EndGlobalSection
EndGlobal
